// !$*UTF8*$!
{
	archiveVersion = 1;
	classes = {
	};
	objectVersion = 46;
	objects = {

/* Begin PBXBuildFile section */
		A2DB2DDD1B7874EF00FDF54C /* main.m in Sources */ = {isa = PBXBuildFile; fileRef = A2DB2DDC1B7874EF00FDF54C /* main.m */; };
		A2DB2DE01B7874EF00FDF54C /* AppDelegate.m in Sources */ = {isa = PBXBuildFile; fileRef = A2DB2DDF1B7874EF00FDF54C /* AppDelegate.m */; };
		A2DB2DE81B7874EF00FDF54C /* Images.xcassets in Resources */ = {isa = PBXBuildFile; fileRef = A2DB2DE71B7874EF00FDF54C /* Images.xcassets */; };
		A2DB2DF71B7874F000FDF54C /* PageAppTests.m in Sources */ = {isa = PBXBuildFile; fileRef = A2DB2DF61B7874F000FDF54C /* PageAppTests.m */; };
		A2DB2E031B78858A00FDF54C /* AppViewController.m in Sources */ = {isa = PBXBuildFile; fileRef = A2DB2E011B78858A00FDF54C /* AppViewController.m */; };
		A2DB2E041B78858A00FDF54C /* ViewController.xib in Resources */ = {isa = PBXBuildFile; fileRef = A2DB2E021B78858A00FDF54C /* ViewController.xib */; };
		A2DB2E081B7885B600FDF54C /* AppChildViewController.m in Sources */ = {isa = PBXBuildFile; fileRef = A2DB2E061B7885B600FDF54C /* AppChildViewController.m */; };
		A2DB2E091B7885B600FDF54C /* AppChildViewController.xib in Resources */ = {isa = PBXBuildFile; fileRef = A2DB2E071B7885B600FDF54C /* AppChildViewController.xib */; };
/* End PBXBuildFile section */

/* Begin PBXContainerItemProxy section */
		A2DB2DF11B7874F000FDF54C /* PBXContainerItemProxy */ = {
			isa = PBXContainerItemProxy;
			containerPortal = A2DB2DCF1B7874EF00FDF54C /* Project object */;
			proxyType = 1;
			remoteGlobalIDString = A2DB2DD61B7874EF00FDF54C;
			remoteInfo = PageApp;
		};
/* End PBXContainerItemProxy section */

/* Begin PBXFileReference section */
		A2DB2DD71B7874EF00FDF54C /* PageApp.app */ = {isa = PBXFileReference; explicitFileType = wrapper.application; includeInIndex = 0; path = PageApp.app; sourceTree = BUILT_PRODUCTS_DIR; };
		A2DB2DDB1B7874EF00FDF54C /* Info.plist */ = {isa = PBXFileReference; lastKnownFileType = text.plist.xml; path = Info.plist; sourceTree = "<group>"; };
		A2DB2DDC1B7874EF00FDF54C /* main.m */ = {isa = PBXFileReference; lastKnownFileType = sourcecode.c.objc; path = main.m; sourceTree = "<group>"; };
		A2DB2DDE1B7874EF00FDF54C /* AppDelegate.h */ = {isa = PBXFileReference; lastKnownFileType = sourcecode.c.h; path = AppDelegate.h; sourceTree = "<group>"; };
		A2DB2DDF1B7874EF00FDF54C /* AppDelegate.m */ = {isa = PBXFileReference; lastKnownFileType = sourcecode.c.objc; path = AppDelegate.m; sourceTree = "<group>"; };
		A2DB2DE71B7874EF00FDF54C /* Images.xcassets */ = {isa = PBXFileReference; lastKnownFileType = folder.assetcatalog; path = Images.xcassets; sourceTree = "<group>"; };
		A2DB2DF01B7874F000FDF54C /* PageAppTests.xctest */ = {isa = PBXFileReference; explicitFileType = wrapper.cfbundle; includeInIndex = 0; path = PageAppTests.xctest; sourceTree = BUILT_PRODUCTS_DIR; };
		A2DB2DF51B7874F000FDF54C /* Info.plist */ = {isa = PBXFileReference; lastKnownFileType = text.plist.xml; path = Info.plist; sourceTree = "<group>"; };
		A2DB2DF61B7874F000FDF54C /* PageAppTests.m */ = {isa = PBXFileReference; lastKnownFileType = sourcecode.c.objc; path = PageAppTests.m; sourceTree = "<group>"; };
		A2DB2E001B78858A00FDF54C /* AppViewController.h */ = {isa = PBXFileReference; fileEncoding = 4; lastKnownFileType = sourcecode.c.h; path = AppViewController.h; sourceTree = "<group>"; };
		A2DB2E011B78858A00FDF54C /* AppViewController.m */ = {isa = PBXFileReference; fileEncoding = 4; lastKnownFileType = sourcecode.c.objc; path = AppViewController.m; sourceTree = "<group>"; };
		A2DB2E021B78858A00FDF54C /* ViewController.xib */ = {isa = PBXFileReference; fileEncoding = 4; lastKnownFileType = file.xib; path = ViewController.xib; sourceTree = "<group>"; };
		A2DB2E051B7885B600FDF54C /* AppChildViewController.h */ = {isa = PBXFileReference; fileEncoding = 4; lastKnownFileType = sourcecode.c.h; path = AppChildViewController.h; sourceTree = "<group>"; };
		A2DB2E061B7885B600FDF54C /* AppChildViewController.m */ = {isa = PBXFileReference; fileEncoding = 4; lastKnownFileType = sourcecode.c.objc; path = AppChildViewController.m; sourceTree = "<group>"; };
		A2DB2E071B7885B600FDF54C /* AppChildViewController.xib */ = {isa = PBXFileReference; fileEncoding = 4; lastKnownFileType = file.xib; path = AppChildViewController.xib; sourceTree = "<group>"; };
/* End PBXFileReference section */

/* Begin PBXFrameworksBuildPhase section */
		A2DB2DD41B7874EF00FDF54C /* Frameworks */ = {
			isa = PBXFrameworksBuildPhase;
			buildActionMask = 2147483647;
			files = (
			);
			runOnlyForDeploymentPostprocessing = 0;
		};
		A2DB2DED1B7874F000FDF54C /* Frameworks */ = {
			isa = PBXFrameworksBuildPhase;
			buildActionMask = 2147483647;
			files = (
			);
			runOnlyForDeploymentPostprocessing = 0;
		};
/* End PBXFrameworksBuildPhase section */

/* Begin PBXGroup section */
		A2DB2DCE1B7874EF00FDF54C = {
			isa = PBXGroup;
			children = (
				A2DB2DD91B7874EF00FDF54C /* PageApp */,
				A2DB2DF31B7874F000FDF54C /* PageAppTests */,
				A2DB2DD81B7874EF00FDF54C /* Products */,
			);
			sourceTree = "<group>";
		};
		A2DB2DD81B7874EF00FDF54C /* Products */ = {
			isa = PBXGroup;
			children = (
				A2DB2DD71B7874EF00FDF54C /* PageApp.app */,
				A2DB2DF01B7874F000FDF54C /* PageAppTests.xctest */,
			);
			name = Products;
			sourceTree = "<group>";
		};
		A2DB2DD91B7874EF00FDF54C /* PageApp */ = {
			isa = PBXGroup;
			children = (
				A2DB2DDE1B7874EF00FDF54C /* AppDelegate.h */,
				A2DB2DDF1B7874EF00FDF54C /* AppDelegate.m */,
				A2DB2E001B78858A00FDF54C /* AppViewController.h */,
				A2DB2E011B78858A00FDF54C /* AppViewController.m */,
				A2DB2E021B78858A00FDF54C /* ViewController.xib */,
				A2DB2E051B7885B600FDF54C /* AppChildViewController.h */,
				A2DB2E061B7885B600FDF54C /* AppChildViewController.m */,
				A2DB2E071B7885B600FDF54C /* AppChildViewController.xib */,
				A2DB2DE71B7874EF00FDF54C /* Images.xcassets */,
				A2DB2DDA1B7874EF00FDF54C /* Supporting Files */,
			);
			path = PageApp;
			sourceTree = "<group>";
		};
		A2DB2DDA1B7874EF00FDF54C /* Supporting Files */ = {
			isa = PBXGroup;
			children = (
				A2DB2DDB1B7874EF00FDF54C /* Info.plist */,
				A2DB2DDC1B7874EF00FDF54C /* main.m */,
			);
			name = "Supporting Files";
			sourceTree = "<group>";
		};
		A2DB2DF31B7874F000FDF54C /* PageAppTests */ = {
			isa = PBXGroup;
			children = (
				A2DB2DF61B7874F000FDF54C /* PageAppTests.m */,
				A2DB2DF41B7874F000FDF54C /* Supporting Files */,
			);
			path = PageAppTests;
			sourceTree = "<group>";
		};
		A2DB2DF41B7874F000FDF54C /* Supporting Files */ = {
			isa = PBXGroup;
			children = (
				A2DB2DF51B7874F000FDF54C /* Info.plist */,
			);
			name = "Supporting Files";
			sourceTree = "<group>";
		};
/* End PBXGroup section */

/* Begin PBXNativeTarget section */
		A2DB2DD61B7874EF00FDF54C /* PageApp */ = {
			isa = PBXNativeTarget;
			buildConfigurationList = A2DB2DFA1B7874F000FDF54C /* Build configuration list for PBXNativeTarget "PageApp" */;
			buildPhases = (
				A2DB2DD31B7874EF00FDF54C /* Sources */,
				A2DB2DD41B7874EF00FDF54C /* Frameworks */,
				A2DB2DD51B7874EF00FDF54C /* Resources */,
			);
			buildRules = (
			);
			dependencies = (
			);
			name = PageApp;
			productName = PageApp;
			productReference = A2DB2DD71B7874EF00FDF54C /* PageApp.app */;
			productType = "com.apple.product-type.application";
		};
		A2DB2DEF1B7874F000FDF54C /* PageAppTests */ = {
			isa = PBXNativeTarget;
			buildConfigurationList = A2DB2DFD1B7874F000FDF54C /* Build configuration list for PBXNativeTarget "PageAppTests" */;
			buildPhases = (
				A2DB2DEC1B7874F000FDF54C /* Sources */,
				A2DB2DED1B7874F000FDF54C /* Frameworks */,
				A2DB2DEE1B7874F000FDF54C /* Resources */,
			);
			buildRules = (
			);
			dependencies = (
				A2DB2DF21B7874F000FDF54C /* PBXTargetDependency */,
			);
			name = PageAppTests;
			productName = PageAppTests;
			productReference = A2DB2DF01B7874F000FDF54C /* PageAppTests.xctest */;
			productType = "com.apple.product-type.bundle.unit-test";
		};
/* End PBXNativeTarget section */

/* Begin PBXProject section */
		A2DB2DCF1B7874EF00FDF54C /* Project object */ = {
			isa = PBXProject;
			attributes = {
				LastUpgradeCheck = 0640;
				ORGANIZATIONNAME = bokeadmin;
				TargetAttributes = {
					A2DB2DD61B7874EF00FDF54C = {
						CreatedOnToolsVersion = 6.4;
					};
					A2DB2DEF1B7874F000FDF54C = {
						CreatedOnToolsVersion = 6.4;
						TestTargetID = A2DB2DD61B7874EF00FDF54C;
					};
				};
			};
			buildConfigurationList = A2DB2DD21B7874EF00FDF54C /* Build configuration list for PBXProject "PageApp" */;
			compatibilityVersion = "Xcode 3.2";
			developmentRegion = English;
			hasScannedForEncodings = 0;
			knownRegions = (
				en,
				Base,
			);
			mainGroup = A2DB2DCE1B7874EF00FDF54C;
			productRefGroup = A2DB2DD81B7874EF00FDF54C /* Products */;
			projectDirPath = "";
			projectRoot = "";
			targets = (
				A2DB2DD61B7874EF00FDF54C /* PageApp */,
				A2DB2DEF1B7874F000FDF54C /* PageAppTests */,
			);
		};
/* End PBXProject section */

/* Begin PBXResourcesBuildPhase section */
		A2DB2DD51B7874EF00FDF54C /* Resources */ = {
			isa = PBXResourcesBuildPhase;
			buildActionMask = 2147483647;
			files = (
				A2DB2E041B78858A00FDF54C /* ViewController.xib in Resources */,
				A2DB2DE81B7874EF00FDF54C /* Images.xcassets in Resources */,
				A2DB2E091B7885B600FDF54C /* AppChildViewController.xib in Resources */,
			);
			runOnlyForDeploymentPostprocessing = 0;
		};
		A2DB2DEE1B7874F000FDF54C /* Resources */ = {
			isa = PBXResourcesBuildPhase;
			buildActionMask = 2147483647;
			files = (
			);
			runOnlyForDeploymentPostprocessing = 0;
		};
/* End PBXResourcesBuildPhase section */

/* Begin PBXSourcesBuildPhase section */
		A2DB2DD31B7874EF00FDF54C /* Sources */ = {
			isa = PBXSourcesBuildPhase;
			buildActionMask = 2147483647;
			files = (
				A2DB2E031B78858A00FDF54C /* AppViewController.m in Sources */,
				A2DB2DE01B7874EF00FDF54C /* AppDelegate.m in Sources */,
				A2DB2DDD1B7874EF00FDF54C /* main.m in Sources */,
				A2DB2E081B7885B600FDF54C /* AppChildViewController.m in Sources */,
			);
			runOnlyForDeploymentPostprocessing = 0;
		};
		A2DB2DEC1B7874F000FDF54C /* Sources */ = {
			isa = PBXSourcesBuildPhase;
			buildActionMask = 2147483647;
			files = (
				A2DB2DF71B7874F000FDF54C /* PageAppTests.m in Sources */,
			);
			runOnlyForDeploymentPostprocessing = 0;
		};
/* End PBXSourcesBuildPhase section */

/* Begin PBXTargetDependency section */
		A2DB2DF21B7874F000FDF54C /* PBXTargetDependency */ = {
			isa = PBXTargetDependency;
			target = A2DB2DD61B7874EF00FDF54C /* PageApp */;
			targetProxy = A2DB2DF11B7874F000FDF54C /* PBXContainerItemProxy */;
		};
/* End PBXTargetDependency section */

/* Begin XCBuildConfiguration section */
		A2DB2DF81B7874F000FDF54C /* Debug */ = {
			isa = XCBuildConfiguration;
			buildSettings = {
				ALWAYS_SEARCH_USER_PATHS = NO;
				CLANG_CXX_LANGUAGE_STANDARD = "gnu++0x";
				CLANG_CXX_LIBRARY = "libc++";
				CLANG_ENABLE_MODULES = YES;
				CLANG_ENABLE_OBJC_ARC = YES;
				CLANG_WARN_BOOL_CONVERSION = YES;
				CLANG_WARN_CONSTANT_CONVERSION = YES;
				CLANG_WARN_DIRECT_OBJC_ISA_USAGE = YES_ERROR;
				CLANG_WARN_EMPTY_BODY = YES;
				CLANG_WARN_ENUM_CONVERSION = YES;
				CLANG_WARN_INT_CONVERSION = YES;
				CLANG_WARN_OBJC_ROOT_CLASS = YES_ERROR;
				CLANG_WARN_UNREACHABLE_CODE = YES;
				CLANG_WARN__DUPLICATE_METHOD_MATCH = YES;
				"CODE_SIGN_IDENTITY[sdk=iphoneos*]" = "iPhone Developer";
				COPY_PHASE_STRIP = NO;
				DEBUG_INFORMATION_FORMAT = "dwarf-with-dsym";
				ENABLE_STRICT_OBJC_MSGSEND = YES;
				GCC_C_LANGUAGE_STANDARD = gnu99;
				GCC_DYNAMIC_NO_PIC = NO;
				GCC_NO_COMMON_BLOCKS = YES;
				GCC_OPTIMIZATION_LEVEL = 0;
				GCC_PREPROCESSOR_DEFINITIONS = (
					"DEBUG=1",
					"$(inherited)",
				);
				GCC_SYMBOLS_PRIVATE_EXTERN = NO;
				GCC_WARN_64_TO_32_BIT_CONVERSION = YES;
				GCC_WARN_ABOUT_RETURN_TYPE = YES_ERROR;
				GCC_WARN_UNDECLARED_SELECTOR = YES;
				GCC_WARN_UNINITIALIZED_AUTOS = YES_AGGRESSIVE;
				GCC_WARN_UNUSED_FUNCTION = YES;
				GCC_WARN_UNUSED_VARIABLE = YES;
				IPHONEOS_DEPLOYMENT_TARGET = 8.4;
				MTL_ENABLE_DEBUG_INFO = YES;
				ONLY_ACTIVE_ARCH = YES;
				SDKROOT = iphoneos;
			};
			name = Debug;
		};
		A2DB2DF91B7874F000FDF54C /* Release */ = {
			isa = XCBuildConfiguration;
			buildSettings = {
				ALWAYS_SEARCH_USER_PATHS = NO;
				CLANG_CXX_LANGUAGE_STANDARD = "gnu++0x";
				CLANG_CXX_LIBRARY = "libc++";
				CLANG_ENABLE_MODULES = YES;
				CLANG_ENABLE_OBJC_ARC = YES;
				CLANG_WARN_BOOL_CONVERSION = YES;
				CLANG_WARN_CONSTANT_CONVERSION = YES;
				CLANG_WARN_DIRECT_OBJC_ISA_USAGE = YES_ERROR;
				CLANG_WARN_EMPTY_BODY = YES;
				CLANG_WARN_ENUM_CONVERSION = YES;
				CLANG_WARN_INT_CONVERSION = YES;
				CLANG_WARN_OBJC_ROOT_CLASS = YES_ERROR;
				CLANG_WARN_UNREACHABLE_CODE = YES;
				CLANG_WARN__DUPLICATE_METHOD_MATCH = YES;
				"CODE_SIGN_IDENTITY[sdk=iphoneos*]" = "iPhone Developer";
				COPY_PHASE_STRIP = NO;
				DEBUG_INFORMATION_FORMAT = "dwarf-with-dsym";
				ENABLE_NS_ASSERTIONS = NO;
				ENABLE_STRICT_OBJC_MSGSEND = YES;
				GCC_C_LANGUAGE_STANDARD = gnu99;
				GCC_NO_COMMON_BLOCKS = YES;
				GCC_WARN_64_TO_32_BIT_CONVERSION = YES;
				GCC_WARN_ABOUT_RETURN_TYPE = YES_ERROR;
				GCC_WARN_UNDECLARED_SELECTOR = YES;
				GCC_WARN_UNINITIALIZED_AUTOS = YES_AGGRESSIVE;
				GCC_WARN_UNUSED_FUNCTION = YES;
				GCC_WARN_UNUSED_VARIABLE = YES;
				IPHONEOS_DEPLOYMENT_TARGET = 8.4;
				MTL_ENABLE_DEBUG_INFO = NO;
				SDKROOT = iphoneos;
				VALIDATE_PRODUCT = YES;
			};
			name = Release;
		};
		A2DB2DFB1B7874F000FDF54C /* Debug */ = {
			isa = XCBuildConfiguration;
			buildSettings = {
				ASSETCATALOG_COMPILER_APPICON_NAME = AppIcon;
				INFOPLIST_FILE = PageApp/Info.plist;
				LD_RUNPATH_SEARCH_PATHS = "$(inherited) @executable_path/Frameworks";
				PRODUCT_NAME = "$(TARGET_NAME)";
			};
			name = Debug;
		};
		A2DB2DFC1B7874F000FDF54C /* Release */ = {
			isa = XCBuildConfiguration;
			buildSettings = {
				ASSETCATALOG_COMPILER_APPICON_NAME = AppIcon;
				INFOPLIST_FILE = PageApp/Info.plist;
				LD_RUNPATH_SEARCH_PATHS = "$(inherited) @executable_path/Frameworks";
				PRODUCT_NAME = "$(TARGET_NAME)";
			};
			name = Release;
		};
		A2DB2DFE1B7874F000FDF54C /* Debug */ = {
			isa = XCBuildConfiguration;
			buildSettings = {
				BUNDLE_LOADER = "$(TEST_HOST)";
				FRAMEWORK_SEARCH_PATHS = (
					"$(SDKROOT)/Developer/Library/Frameworks",
					"$(inherited)",
				);
				GCC_PREPROCESSOR_DEFINITIONS = (
					"DEBUG=1",
					"$(inherited)",
				);
				INFOPLIST_FILE = PageAppTests/Info.plist;
				LD_RUNPATH_SEARCH_PATHS = "$(inherited) @executable_path/Frameworks @loader_path/Frameworks";
				PRODUCT_NAME = "$(TARGET_NAME)";
				TEST_HOST = "$(BUILT_PRODUCTS_DIR)/PageApp.app/PageApp";
			};
			name = Debug;
		};
		A2DB2DFF1B7874F000FDF54C /* Release */ = {
			isa = XCBuildConfiguration;
			buildSettings = {
				BUNDLE_LOADER = "$(TEST_HOST)";
				FRAMEWORK_SEARCH_PATHS = (
					"$(SDKROOT)/Developer/Library/Frameworks",
					"$(inherited)",
				);
				INFOPLIST_FILE = PageAppTests/Info.plist;
				LD_RUNPATH_SEARCH_PATHS = "$(inherited) @executable_path/Frameworks @loader_path/Frameworks";
				PRODUCT_NAME = "$(TARGET_NAME)";
				TEST_HOST = "$(BUILT_PRODUCTS_DIR)/PageApp.app/PageApp";
			};
			name = Release;
		};
/* End XCBuildConfiguration section */

/* Begin XCConfigurationList section */
		A2DB2DD21B7874EF00FDF54C /* Build configuration list for PBXProject "PageApp" */ = {
			isa = XCConfigurationList;
			buildConfigurations = (
				A2DB2DF81B7874F000FDF54C /* Debug */,
				A2DB2DF91B7874F000FDF54C /* Release */,
			);
			defaultConfigurationIsVisible = 0;
			defaultConfigurationName = Release;
		};
		A2DB2DFA1B7874F000FDF54C /* Build configuration list for PBXNativeTarget "PageApp" */ = {
			isa = XCConfigurationList;
			buildConfigurations = (
				A2DB2DFB1B7874F000FDF54C /* Debug */,
				A2DB2DFC1B7874F000FDF54C /* Release */,
			);
			defaultConfigurationIsVisible = 0;
			defaultConfigurationName = Release;
		};
		A2DB2DFD1B7874F000FDF54C /* Build configuration list for PBXNativeTarget "PageAppTests" */ = {
			isa = XCConfigurationList;
			buildConfigurations = (
				A2DB2DFE1B7874F000FDF54C /* Debug */,
				A2DB2DFF1B7874F000FDF54C /* Release */,
			);
			defaultConfigurationIsVisible = 0;
			defaultConfigurationName = Release;
		};
/* End XCConfigurationList section */
	};
	rootObject = A2DB2DCF1B7874EF00FDF54C /* Project object */;
}
