// !$*UTF8*$!
{
	archiveVersion = 1;
	classes = {
	};
	objectVersion = 46;
	objects = {

/* Begin PBXBuildFile section */
		D188B08C1AE884A500B28E4B /* main.m in Sources */ = {isa = PBXBuildFile; fileRef = D188B08B1AE884A500B28E4B /* main.m */; };
		D188B08F1AE884A500B28E4B /* AppDelegate.m in Sources */ = {isa = PBXBuildFile; fileRef = D188B08E1AE884A500B28E4B /* AppDelegate.m */; };
		D188B0921AE884A500B28E4B /* ViewController.m in Sources */ = {isa = PBXBuildFile; fileRef = D188B0911AE884A500B28E4B /* ViewController.m */; };
		D188B0951AE884A500B28E4B /* Main.storyboard in Resources */ = {isa = PBXBuildFile; fileRef = D188B0931AE884A500B28E4B /* Main.storyboard */; };
		D188B0971AE884A500B28E4B /* Images.xcassets in Resources */ = {isa = PBXBuildFile; fileRef = D188B0961AE884A500B28E4B /* Images.xcassets */; };
		D188B09A1AE884A500B28E4B /* LaunchScreen.xib in Resources */ = {isa = PBXBuildFile; fileRef = D188B0981AE884A500B28E4B /* LaunchScreen.xib */; };
		D188B0A61AE884A500B28E4B /* SimpleTableTests.m in Sources */ = {isa = PBXBuildFile; fileRef = D188B0A51AE884A500B28E4B /* SimpleTableTests.m */; };
		D188B0B01AE8907F00B28E4B /* creme_brelee.jpeg in Resources */ = {isa = PBXBuildFile; fileRef = D188B0AF1AE8907F00B28E4B /* creme_brelee.jpeg */; };
		D188B0C41AEA23FE00B28E4B /* angry_birds_cake.jpg in Resources */ = {isa = PBXBuildFile; fileRef = D188B0B41AEA23FE00B28E4B /* angry_birds_cake.jpg */; };
		D188B0C51AEA23FE00B28E4B /* creme_brelee.jpg in Resources */ = {isa = PBXBuildFile; fileRef = D188B0B51AEA23FE00B28E4B /* creme_brelee.jpg */; };
		D188B0C61AEA23FE00B28E4B /* egg_benedict.jpg in Resources */ = {isa = PBXBuildFile; fileRef = D188B0B61AEA23FE00B28E4B /* egg_benedict.jpg */; };
		D188B0C71AEA23FE00B28E4B /* full_breakfast.jpg in Resources */ = {isa = PBXBuildFile; fileRef = D188B0B71AEA23FE00B28E4B /* full_breakfast.jpg */; };
		D188B0C81AEA23FE00B28E4B /* green_tea.jpg in Resources */ = {isa = PBXBuildFile; fileRef = D188B0B81AEA23FE00B28E4B /* green_tea.jpg */; };
		D188B0C91AEA23FE00B28E4B /* ham_and_cheese_panini.jpg in Resources */ = {isa = PBXBuildFile; fileRef = D188B0B91AEA23FE00B28E4B /* ham_and_cheese_panini.jpg */; };
		D188B0CA1AEA23FE00B28E4B /* ham_and_egg_sandwich.jpg in Resources */ = {isa = PBXBuildFile; fileRef = D188B0BA1AEA23FE00B28E4B /* ham_and_egg_sandwich.jpg */; };
		D188B0CB1AEA23FE00B28E4B /* hamburger.jpg in Resources */ = {isa = PBXBuildFile; fileRef = D188B0BB1AEA23FE00B28E4B /* hamburger.jpg */; };
		D188B0CC1AEA23FE00B28E4B /* instant_noodle_with_egg.jpg in Resources */ = {isa = PBXBuildFile; fileRef = D188B0BC1AEA23FE00B28E4B /* instant_noodle_with_egg.jpg */; };
		D188B0CD1AEA23FE00B28E4B /* japanese_noodle_with_pork.jpg in Resources */ = {isa = PBXBuildFile; fileRef = D188B0BD1AEA23FE00B28E4B /* japanese_noodle_with_pork.jpg */; };
		D188B0CE1AEA23FE00B28E4B /* mushroom_risotto.jpg in Resources */ = {isa = PBXBuildFile; fileRef = D188B0BE1AEA23FE00B28E4B /* mushroom_risotto.jpg */; };
		D188B0CF1AEA23FE00B28E4B /* noodle_with_bbq_pork.jpg in Resources */ = {isa = PBXBuildFile; fileRef = D188B0BF1AEA23FE00B28E4B /* noodle_with_bbq_pork.jpg */; };
		D188B0D01AEA23FE00B28E4B /* starbucks_coffee.jpg in Resources */ = {isa = PBXBuildFile; fileRef = D188B0C01AEA23FE00B28E4B /* starbucks_coffee.jpg */; };
		D188B0D11AEA23FE00B28E4B /* thai_shrimp_cake.jpg in Resources */ = {isa = PBXBuildFile; fileRef = D188B0C11AEA23FE00B28E4B /* thai_shrimp_cake.jpg */; };
		D188B0D21AEA23FE00B28E4B /* vegetable_curry.jpg in Resources */ = {isa = PBXBuildFile; fileRef = D188B0C21AEA23FE00B28E4B /* vegetable_curry.jpg */; };
		D188B0D31AEA23FE00B28E4B /* white_chocolate_donut.jpg in Resources */ = {isa = PBXBuildFile; fileRef = D188B0C31AEA23FE00B28E4B /* white_chocolate_donut.jpg */; };
		D188B0D51AEA259800B28E4B /* SimpleTableCell.xib in Resources */ = {isa = PBXBuildFile; fileRef = D188B0D41AEA259800B28E4B /* SimpleTableCell.xib */; };
		D188B0D81AEA28E000B28E4B /* SimpleTableCellTableViewCell.m in Sources */ = {isa = PBXBuildFile; fileRef = D188B0D71AEA28E000B28E4B /* SimpleTableCellTableViewCell.m */; };
/* End PBXBuildFile section */

/* Begin PBXContainerItemProxy section */
		D188B0A01AE884A500B28E4B /* PBXContainerItemProxy */ = {
			isa = PBXContainerItemProxy;
			containerPortal = D188B07E1AE884A400B28E4B /* Project object */;
			proxyType = 1;
			remoteGlobalIDString = D188B0851AE884A500B28E4B;
			remoteInfo = SimpleTable;
		};
/* End PBXContainerItemProxy section */

/* Begin PBXFileReference section */
		D188B0861AE884A500B28E4B /* SimpleTable.app */ = {isa = PBXFileReference; explicitFileType = wrapper.application; includeInIndex = 0; path = SimpleTable.app; sourceTree = BUILT_PRODUCTS_DIR; };
		D188B08A1AE884A500B28E4B /* Info.plist */ = {isa = PBXFileReference; lastKnownFileType = text.plist.xml; path = Info.plist; sourceTree = "<group>"; };
		D188B08B1AE884A500B28E4B /* main.m */ = {isa = PBXFileReference; lastKnownFileType = sourcecode.c.objc; path = main.m; sourceTree = "<group>"; };
		D188B08D1AE884A500B28E4B /* AppDelegate.h */ = {isa = PBXFileReference; lastKnownFileType = sourcecode.c.h; path = AppDelegate.h; sourceTree = "<group>"; };
		D188B08E1AE884A500B28E4B /* AppDelegate.m */ = {isa = PBXFileReference; lastKnownFileType = sourcecode.c.objc; path = AppDelegate.m; sourceTree = "<group>"; };
		D188B0901AE884A500B28E4B /* ViewController.h */ = {isa = PBXFileReference; lastKnownFileType = sourcecode.c.h; path = ViewController.h; sourceTree = "<group>"; };
		D188B0911AE884A500B28E4B /* ViewController.m */ = {isa = PBXFileReference; lastKnownFileType = sourcecode.c.objc; path = ViewController.m; sourceTree = "<group>"; };
		D188B0941AE884A500B28E4B /* Base */ = {isa = PBXFileReference; lastKnownFileType = file.storyboard; name = Base; path = Base.lproj/Main.storyboard; sourceTree = "<group>"; };
		D188B0961AE884A500B28E4B /* Images.xcassets */ = {isa = PBXFileReference; lastKnownFileType = folder.assetcatalog; path = Images.xcassets; sourceTree = "<group>"; };
		D188B0991AE884A500B28E4B /* Base */ = {isa = PBXFileReference; lastKnownFileType = file.xib; name = Base; path = Base.lproj/LaunchScreen.xib; sourceTree = "<group>"; };
		D188B09F1AE884A500B28E4B /* SimpleTableTests.xctest */ = {isa = PBXFileReference; explicitFileType = wrapper.cfbundle; includeInIndex = 0; path = SimpleTableTests.xctest; sourceTree = BUILT_PRODUCTS_DIR; };
		D188B0A41AE884A500B28E4B /* Info.plist */ = {isa = PBXFileReference; lastKnownFileType = text.plist.xml; path = Info.plist; sourceTree = "<group>"; };
		D188B0A51AE884A500B28E4B /* SimpleTableTests.m */ = {isa = PBXFileReference; lastKnownFileType = sourcecode.c.objc; path = SimpleTableTests.m; sourceTree = "<group>"; };
		D188B0AF1AE8907F00B28E4B /* creme_brelee.jpeg */ = {isa = PBXFileReference; lastKnownFileType = image.jpeg; path = creme_brelee.jpeg; sourceTree = "<group>"; };
		D188B0B41AEA23FE00B28E4B /* angry_birds_cake.jpg */ = {isa = PBXFileReference; lastKnownFileType = image.jpeg; path = angry_birds_cake.jpg; sourceTree = "<group>"; };
		D188B0B51AEA23FE00B28E4B /* creme_brelee.jpg */ = {isa = PBXFileReference; lastKnownFileType = image.jpeg; path = creme_brelee.jpg; sourceTree = "<group>"; };
		D188B0B61AEA23FE00B28E4B /* egg_benedict.jpg */ = {isa = PBXFileReference; lastKnownFileType = image.jpeg; path = egg_benedict.jpg; sourceTree = "<group>"; };
		D188B0B71AEA23FE00B28E4B /* full_breakfast.jpg */ = {isa = PBXFileReference; lastKnownFileType = image.jpeg; path = full_breakfast.jpg; sourceTree = "<group>"; };
		D188B0B81AEA23FE00B28E4B /* green_tea.jpg */ = {isa = PBXFileReference; lastKnownFileType = image.jpeg; path = green_tea.jpg; sourceTree = "<group>"; };
		D188B0B91AEA23FE00B28E4B /* ham_and_cheese_panini.jpg */ = {isa = PBXFileReference; lastKnownFileType = image.jpeg; path = ham_and_cheese_panini.jpg; sourceTree = "<group>"; };
		D188B0BA1AEA23FE00B28E4B /* ham_and_egg_sandwich.jpg */ = {isa = PBXFileReference; lastKnownFileType = image.jpeg; path = ham_and_egg_sandwich.jpg; sourceTree = "<group>"; };
		D188B0BB1AEA23FE00B28E4B /* hamburger.jpg */ = {isa = PBXFileReference; lastKnownFileType = image.jpeg; path = hamburger.jpg; sourceTree = "<group>"; };
		D188B0BC1AEA23FE00B28E4B /* instant_noodle_with_egg.jpg */ = {isa = PBXFileReference; lastKnownFileType = image.jpeg; path = instant_noodle_with_egg.jpg; sourceTree = "<group>"; };
		D188B0BD1AEA23FE00B28E4B /* japanese_noodle_with_pork.jpg */ = {isa = PBXFileReference; lastKnownFileType = image.jpeg; path = japanese_noodle_with_pork.jpg; sourceTree = "<group>"; };
		D188B0BE1AEA23FE00B28E4B /* mushroom_risotto.jpg */ = {isa = PBXFileReference; lastKnownFileType = image.jpeg; path = mushroom_risotto.jpg; sourceTree = "<group>"; };
		D188B0BF1AEA23FE00B28E4B /* noodle_with_bbq_pork.jpg */ = {isa = PBXFileReference; lastKnownFileType = image.jpeg; path = noodle_with_bbq_pork.jpg; sourceTree = "<group>"; };
		D188B0C01AEA23FE00B28E4B /* starbucks_coffee.jpg */ = {isa = PBXFileReference; lastKnownFileType = image.jpeg; path = starbucks_coffee.jpg; sourceTree = "<group>"; };
		D188B0C11AEA23FE00B28E4B /* thai_shrimp_cake.jpg */ = {isa = PBXFileReference; lastKnownFileType = image.jpeg; path = thai_shrimp_cake.jpg; sourceTree = "<group>"; };
		D188B0C21AEA23FE00B28E4B /* vegetable_curry.jpg */ = {isa = PBXFileReference; lastKnownFileType = image.jpeg; path = vegetable_curry.jpg; sourceTree = "<group>"; };
		D188B0C31AEA23FE00B28E4B /* white_chocolate_donut.jpg */ = {isa = PBXFileReference; lastKnownFileType = image.jpeg; path = white_chocolate_donut.jpg; sourceTree = "<group>"; };
		D188B0D41AEA259800B28E4B /* SimpleTableCell.xib */ = {isa = PBXFileReference; fileEncoding = 4; lastKnownFileType = file.xib; path = SimpleTableCell.xib; sourceTree = "<group>"; };
		D188B0D61AEA28E000B28E4B /* SimpleTableCellTableViewCell.h */ = {isa = PBXFileReference; fileEncoding = 4; lastKnownFileType = sourcecode.c.h; path = SimpleTableCellTableViewCell.h; sourceTree = "<group>"; };
		D188B0D71AEA28E000B28E4B /* SimpleTableCellTableViewCell.m */ = {isa = PBXFileReference; fileEncoding = 4; lastKnownFileType = sourcecode.c.objc; path = SimpleTableCellTableViewCell.m; sourceTree = "<group>"; };
/* End PBXFileReference section */

/* Begin PBXFrameworksBuildPhase section */
		D188B0831AE884A500B28E4B /* Frameworks */ = {
			isa = PBXFrameworksBuildPhase;
			buildActionMask = 2147483647;
			files = (
			);
			runOnlyForDeploymentPostprocessing = 0;
		};
		D188B09C1AE884A500B28E4B /* Frameworks */ = {
			isa = PBXFrameworksBuildPhase;
			buildActionMask = 2147483647;
			files = (
			);
			runOnlyForDeploymentPostprocessing = 0;
		};
/* End PBXFrameworksBuildPhase section */

/* Begin PBXGroup section */
		D188B07D1AE884A400B28E4B = {
			isa = PBXGroup;
			children = (
				D188B0881AE884A500B28E4B /* SimpleTable */,
				D188B0A21AE884A500B28E4B /* SimpleTableTests */,
				D188B0871AE884A500B28E4B /* Products */,
			);
			sourceTree = "<group>";
		};
		D188B0871AE884A500B28E4B /* Products */ = {
			isa = PBXGroup;
			children = (
				D188B0861AE884A500B28E4B /* SimpleTable.app */,
				D188B09F1AE884A500B28E4B /* SimpleTableTests.xctest */,
			);
			name = Products;
			sourceTree = "<group>";
		};
		D188B0881AE884A500B28E4B /* SimpleTable */ = {
			isa = PBXGroup;
			children = (
				D188B0B41AEA23FE00B28E4B /* angry_birds_cake.jpg */,
				D188B0B51AEA23FE00B28E4B /* creme_brelee.jpg */,
				D188B0B61AEA23FE00B28E4B /* egg_benedict.jpg */,
				D188B0B71AEA23FE00B28E4B /* full_breakfast.jpg */,
				D188B0B81AEA23FE00B28E4B /* green_tea.jpg */,
				D188B0B91AEA23FE00B28E4B /* ham_and_cheese_panini.jpg */,
				D188B0BA1AEA23FE00B28E4B /* ham_and_egg_sandwich.jpg */,
				D188B0BB1AEA23FE00B28E4B /* hamburger.jpg */,
				D188B0BC1AEA23FE00B28E4B /* instant_noodle_with_egg.jpg */,
				D188B0BD1AEA23FE00B28E4B /* japanese_noodle_with_pork.jpg */,
				D188B0BE1AEA23FE00B28E4B /* mushroom_risotto.jpg */,
				D188B0BF1AEA23FE00B28E4B /* noodle_with_bbq_pork.jpg */,
				D188B0C01AEA23FE00B28E4B /* starbucks_coffee.jpg */,
				D188B0C11AEA23FE00B28E4B /* thai_shrimp_cake.jpg */,
				D188B0C21AEA23FE00B28E4B /* vegetable_curry.jpg */,
				D188B0C31AEA23FE00B28E4B /* white_chocolate_donut.jpg */,
				D188B0AF1AE8907F00B28E4B /* creme_brelee.jpeg */,
				D188B08D1AE884A500B28E4B /* AppDelegate.h */,
				D188B08E1AE884A500B28E4B /* AppDelegate.m */,
				D188B0901AE884A500B28E4B /* ViewController.h */,
				D188B0911AE884A500B28E4B /* ViewController.m */,
				D188B0931AE884A500B28E4B /* Main.storyboard */,
				D188B0961AE884A500B28E4B /* Images.xcassets */,
				D188B0981AE884A500B28E4B /* LaunchScreen.xib */,
				D188B0891AE884A500B28E4B /* Supporting Files */,
				D188B0D41AEA259800B28E4B /* SimpleTableCell.xib */,
				D188B0D61AEA28E000B28E4B /* SimpleTableCellTableViewCell.h */,
				D188B0D71AEA28E000B28E4B /* SimpleTableCellTableViewCell.m */,
			);
			path = SimpleTable;
			sourceTree = "<group>";
		};
		D188B0891AE884A500B28E4B /* Supporting Files */ = {
			isa = PBXGroup;
			children = (
				D188B08A1AE884A500B28E4B /* Info.plist */,
				D188B08B1AE884A500B28E4B /* main.m */,
			);
			name = "Supporting Files";
			sourceTree = "<group>";
		};
		D188B0A21AE884A500B28E4B /* SimpleTableTests */ = {
			isa = PBXGroup;
			children = (
				D188B0A51AE884A500B28E4B /* SimpleTableTests.m */,
				D188B0A31AE884A500B28E4B /* Supporting Files */,
			);
			path = SimpleTableTests;
			sourceTree = "<group>";
		};
		D188B0A31AE884A500B28E4B /* Supporting Files */ = {
			isa = PBXGroup;
			children = (
				D188B0A41AE884A500B28E4B /* Info.plist */,
			);
			name = "Supporting Files";
			sourceTree = "<group>";
		};
/* End PBXGroup section */

/* Begin PBXNativeTarget section */
		D188B0851AE884A500B28E4B /* SimpleTable */ = {
			isa = PBXNativeTarget;
			buildConfigurationList = D188B0A91AE884A500B28E4B /* Build configuration list for PBXNativeTarget "SimpleTable" */;
			buildPhases = (
				D188B0821AE884A500B28E4B /* Sources */,
				D188B0831AE884A500B28E4B /* Frameworks */,
				D188B0841AE884A500B28E4B /* Resources */,
			);
			buildRules = (
			);
			dependencies = (
			);
			name = SimpleTable;
			productName = SimpleTable;
			productReference = D188B0861AE884A500B28E4B /* SimpleTable.app */;
			productType = "com.apple.product-type.application";
		};
		D188B09E1AE884A500B28E4B /* SimpleTableTests */ = {
			isa = PBXNativeTarget;
			buildConfigurationList = D188B0AC1AE884A500B28E4B /* Build configuration list for PBXNativeTarget "SimpleTableTests" */;
			buildPhases = (
				D188B09B1AE884A500B28E4B /* Sources */,
				D188B09C1AE884A500B28E4B /* Frameworks */,
				D188B09D1AE884A500B28E4B /* Resources */,
			);
			buildRules = (
			);
			dependencies = (
				D188B0A11AE884A500B28E4B /* PBXTargetDependency */,
			);
			name = SimpleTableTests;
			productName = SimpleTableTests;
			productReference = D188B09F1AE884A500B28E4B /* SimpleTableTests.xctest */;
			productType = "com.apple.product-type.bundle.unit-test";
		};
/* End PBXNativeTarget section */

/* Begin PBXProject section */
		D188B07E1AE884A400B28E4B /* Project object */ = {
			isa = PBXProject;
			attributes = {
				LastUpgradeCheck = 0630;
				ORGANIZATIONNAME = daichao;
				TargetAttributes = {
					D188B0851AE884A500B28E4B = {
						CreatedOnToolsVersion = 6.3;
					};
					D188B09E1AE884A500B28E4B = {
						CreatedOnToolsVersion = 6.3;
						TestTargetID = D188B0851AE884A500B28E4B;
					};
				};
			};
			buildConfigurationList = D188B0811AE884A400B28E4B /* Build configuration list for PBXProject "SimpleTable" */;
			compatibilityVersion = "Xcode 3.2";
			developmentRegion = English;
			hasScannedForEncodings = 0;
			knownRegions = (
				en,
				Base,
			);
			mainGroup = D188B07D1AE884A400B28E4B;
			productRefGroup = D188B0871AE884A500B28E4B /* Products */;
			projectDirPath = "";
			projectRoot = "";
			targets = (
				D188B0851AE884A500B28E4B /* SimpleTable */,
				D188B09E1AE884A500B28E4B /* SimpleTableTests */,
			);
		};
/* End PBXProject section */

/* Begin PBXResourcesBuildPhase section */
		D188B0841AE884A500B28E4B /* Resources */ = {
			isa = PBXResourcesBuildPhase;
			buildActionMask = 2147483647;
			files = (
				D188B0CC1AEA23FE00B28E4B /* instant_noodle_with_egg.jpg in Resources */,
				D188B0C91AEA23FE00B28E4B /* ham_and_cheese_panini.jpg in Resources */,
				D188B0CF1AEA23FE00B28E4B /* noodle_with_bbq_pork.jpg in Resources */,
				D188B0D31AEA23FE00B28E4B /* white_chocolate_donut.jpg in Resources */,
				D188B0CB1AEA23FE00B28E4B /* hamburger.jpg in Resources */,
				D188B0D11AEA23FE00B28E4B /* thai_shrimp_cake.jpg in Resources */,
				D188B0C41AEA23FE00B28E4B /* angry_birds_cake.jpg in Resources */,
				D188B0D51AEA259800B28E4B /* SimpleTableCell.xib in Resources */,
				D188B0951AE884A500B28E4B /* Main.storyboard in Resources */,
				D188B0CA1AEA23FE00B28E4B /* ham_and_egg_sandwich.jpg in Resources */,
				D188B09A1AE884A500B28E4B /* LaunchScreen.xib in Resources */,
				D188B0D01AEA23FE00B28E4B /* starbucks_coffee.jpg in Resources */,
				D188B0D21AEA23FE00B28E4B /* vegetable_curry.jpg in Resources */,
				D188B0CE1AEA23FE00B28E4B /* mushroom_risotto.jpg in Resources */,
				D188B0971AE884A500B28E4B /* Images.xcassets in Resources */,
				D188B0B01AE8907F00B28E4B /* creme_brelee.jpeg in Resources */,
				D188B0C61AEA23FE00B28E4B /* egg_benedict.jpg in Resources */,
				D188B0C81AEA23FE00B28E4B /* green_tea.jpg in Resources */,
				D188B0C71AEA23FE00B28E4B /* full_breakfast.jpg in Resources */,
				D188B0C51AEA23FE00B28E4B /* creme_brelee.jpg in Resources */,
				D188B0CD1AEA23FE00B28E4B /* japanese_noodle_with_pork.jpg in Resources */,
			);
			runOnlyForDeploymentPostprocessing = 0;
		};
		D188B09D1AE884A500B28E4B /* Resources */ = {
			isa = PBXResourcesBuildPhase;
			buildActionMask = 2147483647;
			files = (
			);
			runOnlyForDeploymentPostprocessing = 0;
		};
/* End PBXResourcesBuildPhase section */

/* Begin PBXSourcesBuildPhase section */
		D188B0821AE884A500B28E4B /* Sources */ = {
			isa = PBXSourcesBuildPhase;
			buildActionMask = 2147483647;
			files = (
				D188B0921AE884A500B28E4B /* ViewController.m in Sources */,
				D188B08F1AE884A500B28E4B /* AppDelegate.m in Sources */,
				D188B0D81AEA28E000B28E4B /* SimpleTableCellTableViewCell.m in Sources */,
				D188B08C1AE884A500B28E4B /* main.m in Sources */,
			);
			runOnlyForDeploymentPostprocessing = 0;
		};
		D188B09B1AE884A500B28E4B /* Sources */ = {
			isa = PBXSourcesBuildPhase;
			buildActionMask = 2147483647;
			files = (
				D188B0A61AE884A500B28E4B /* SimpleTableTests.m in Sources */,
			);
			runOnlyForDeploymentPostprocessing = 0;
		};
/* End PBXSourcesBuildPhase section */

/* Begin PBXTargetDependency section */
		D188B0A11AE884A500B28E4B /* PBXTargetDependency */ = {
			isa = PBXTargetDependency;
			target = D188B0851AE884A500B28E4B /* SimpleTable */;
			targetProxy = D188B0A01AE884A500B28E4B /* PBXContainerItemProxy */;
		};
/* End PBXTargetDependency section */

/* Begin PBXVariantGroup section */
		D188B0931AE884A500B28E4B /* Main.storyboard */ = {
			isa = PBXVariantGroup;
			children = (
				D188B0941AE884A500B28E4B /* Base */,
			);
			name = Main.storyboard;
			sourceTree = "<group>";
		};
		D188B0981AE884A500B28E4B /* LaunchScreen.xib */ = {
			isa = PBXVariantGroup;
			children = (
				D188B0991AE884A500B28E4B /* Base */,
			);
			name = LaunchScreen.xib;
			sourceTree = "<group>";
		};
/* End PBXVariantGroup section */

/* Begin XCBuildConfiguration section */
		D188B0A71AE884A500B28E4B /* Debug */ = {
			isa = XCBuildConfiguration;
			buildSettings = {
				ALWAYS_SEARCH_USER_PATHS = NO;
				CLANG_CXX_LANGUAGE_STANDARD = "gnu++0x";
				CLANG_CXX_LIBRARY = "libc++";
				CLANG_ENABLE_MODULES = YES;
				CLANG_ENABLE_OBJC_ARC = YES;
				CLANG_WARN_BOOL_CONVERSION = YES;
				CLANG_WARN_CONSTANT_CONVERSION = YES;
				CLANG_WARN_DIRECT_OBJC_ISA_USAGE = YES_ERROR;
				CLANG_WARN_EMPTY_BODY = YES;
				CLANG_WARN_ENUM_CONVERSION = YES;
				CLANG_WARN_INT_CONVERSION = YES;
				CLANG_WARN_OBJC_ROOT_CLASS = YES_ERROR;
				CLANG_WARN_UNREACHABLE_CODE = YES;
				CLANG_WARN__DUPLICATE_METHOD_MATCH = YES;
				"CODE_SIGN_IDENTITY[sdk=iphoneos*]" = "iPhone Developer";
				COPY_PHASE_STRIP = NO;
				DEBUG_INFORMATION_FORMAT = "dwarf-with-dsym";
				ENABLE_STRICT_OBJC_MSGSEND = YES;
				GCC_C_LANGUAGE_STANDARD = gnu99;
				GCC_DYNAMIC_NO_PIC = NO;
				GCC_NO_COMMON_BLOCKS = YES;
				GCC_OPTIMIZATION_LEVEL = 0;
				GCC_PREPROCESSOR_DEFINITIONS = (
					"DEBUG=1",
					"$(inherited)",
				);
				GCC_SYMBOLS_PRIVATE_EXTERN = NO;
				GCC_WARN_64_TO_32_BIT_CONVERSION = YES;
				GCC_WARN_ABOUT_RETURN_TYPE = YES_ERROR;
				GCC_WARN_UNDECLARED_SELECTOR = YES;
				GCC_WARN_UNINITIALIZED_AUTOS = YES_AGGRESSIVE;
				GCC_WARN_UNUSED_FUNCTION = YES;
				GCC_WARN_UNUSED_VARIABLE = YES;
				IPHONEOS_DEPLOYMENT_TARGET = 8.3;
				MTL_ENABLE_DEBUG_INFO = YES;
				ONLY_ACTIVE_ARCH = YES;
				SDKROOT = iphoneos;
			};
			name = Debug;
		};
		D188B0A81AE884A500B28E4B /* Release */ = {
			isa = XCBuildConfiguration;
			buildSettings = {
				ALWAYS_SEARCH_USER_PATHS = NO;
				CLANG_CXX_LANGUAGE_STANDARD = "gnu++0x";
				CLANG_CXX_LIBRARY = "libc++";
				CLANG_ENABLE_MODULES = YES;
				CLANG_ENABLE_OBJC_ARC = YES;
				CLANG_WARN_BOOL_CONVERSION = YES;
				CLANG_WARN_CONSTANT_CONVERSION = YES;
				CLANG_WARN_DIRECT_OBJC_ISA_USAGE = YES_ERROR;
				CLANG_WARN_EMPTY_BODY = YES;
				CLANG_WARN_ENUM_CONVERSION = YES;
				CLANG_WARN_INT_CONVERSION = YES;
				CLANG_WARN_OBJC_ROOT_CLASS = YES_ERROR;
				CLANG_WARN_UNREACHABLE_CODE = YES;
				CLANG_WARN__DUPLICATE_METHOD_MATCH = YES;
				"CODE_SIGN_IDENTITY[sdk=iphoneos*]" = "iPhone Developer";
				COPY_PHASE_STRIP = NO;
				DEBUG_INFORMATION_FORMAT = "dwarf-with-dsym";
				ENABLE_NS_ASSERTIONS = NO;
				ENABLE_STRICT_OBJC_MSGSEND = YES;
				GCC_C_LANGUAGE_STANDARD = gnu99;
				GCC_NO_COMMON_BLOCKS = YES;
				GCC_WARN_64_TO_32_BIT_CONVERSION = YES;
				GCC_WARN_ABOUT_RETURN_TYPE = YES_ERROR;
				GCC_WARN_UNDECLARED_SELECTOR = YES;
				GCC_WARN_UNINITIALIZED_AUTOS = YES_AGGRESSIVE;
				GCC_WARN_UNUSED_FUNCTION = YES;
				GCC_WARN_UNUSED_VARIABLE = YES;
				IPHONEOS_DEPLOYMENT_TARGET = 8.3;
				MTL_ENABLE_DEBUG_INFO = NO;
				SDKROOT = iphoneos;
				VALIDATE_PRODUCT = YES;
			};
			name = Release;
		};
		D188B0AA1AE884A500B28E4B /* Debug */ = {
			isa = XCBuildConfiguration;
			buildSettings = {
				ASSETCATALOG_COMPILER_APPICON_NAME = AppIcon;
				INFOPLIST_FILE = SimpleTable/Info.plist;
				LD_RUNPATH_SEARCH_PATHS = "$(inherited) @executable_path/Frameworks";
				PRODUCT_NAME = "$(TARGET_NAME)";
			};
			name = Debug;
		};
		D188B0AB1AE884A500B28E4B /* Release */ = {
			isa = XCBuildConfiguration;
			buildSettings = {
				ASSETCATALOG_COMPILER_APPICON_NAME = AppIcon;
				INFOPLIST_FILE = SimpleTable/Info.plist;
				LD_RUNPATH_SEARCH_PATHS = "$(inherited) @executable_path/Frameworks";
				PRODUCT_NAME = "$(TARGET_NAME)";
			};
			name = Release;
		};
		D188B0AD1AE884A500B28E4B /* Debug */ = {
			isa = XCBuildConfiguration;
			buildSettings = {
				BUNDLE_LOADER = "$(TEST_HOST)";
				FRAMEWORK_SEARCH_PATHS = (
					"$(SDKROOT)/Developer/Library/Frameworks",
					"$(inherited)",
				);
				GCC_PREPROCESSOR_DEFINITIONS = (
					"DEBUG=1",
					"$(inherited)",
				);
				INFOPLIST_FILE = SimpleTableTests/Info.plist;
				LD_RUNPATH_SEARCH_PATHS = "$(inherited) @executable_path/Frameworks @loader_path/Frameworks";
				PRODUCT_NAME = "$(TARGET_NAME)";
				TEST_HOST = "$(BUILT_PRODUCTS_DIR)/SimpleTable.app/SimpleTable";
			};
			name = Debug;
		};
		D188B0AE1AE884A500B28E4B /* Release */ = {
			isa = XCBuildConfiguration;
			buildSettings = {
				BUNDLE_LOADER = "$(TEST_HOST)";
				FRAMEWORK_SEARCH_PATHS = (
					"$(SDKROOT)/Developer/Library/Frameworks",
					"$(inherited)",
				);
				INFOPLIST_FILE = SimpleTableTests/Info.plist;
				LD_RUNPATH_SEARCH_PATHS = "$(inherited) @executable_path/Frameworks @loader_path/Frameworks";
				PRODUCT_NAME = "$(TARGET_NAME)";
				TEST_HOST = "$(BUILT_PRODUCTS_DIR)/SimpleTable.app/SimpleTable";
			};
			name = Release;
		};
/* End XCBuildConfiguration section */

/* Begin XCConfigurationList section */
		D188B0811AE884A400B28E4B /* Build configuration list for PBXProject "SimpleTable" */ = {
			isa = XCConfigurationList;
			buildConfigurations = (
				D188B0A71AE884A500B28E4B /* Debug */,
				D188B0A81AE884A500B28E4B /* Release */,
			);
			defaultConfigurationIsVisible = 0;
			defaultConfigurationName = Release;
		};
		D188B0A91AE884A500B28E4B /* Build configuration list for PBXNativeTarget "SimpleTable" */ = {
			isa = XCConfigurationList;
			buildConfigurations = (
				D188B0AA1AE884A500B28E4B /* Debug */,
				D188B0AB1AE884A500B28E4B /* Release */,
			);
			defaultConfigurationIsVisible = 0;
			defaultConfigurationName = Release;
		};
		D188B0AC1AE884A500B28E4B /* Build configuration list for PBXNativeTarget "SimpleTableTests" */ = {
			isa = XCConfigurationList;
			buildConfigurations = (
				D188B0AD1AE884A500B28E4B /* Debug */,
				D188B0AE1AE884A500B28E4B /* Release */,
			);
			defaultConfigurationIsVisible = 0;
			defaultConfigurationName = Release;
		};
/* End XCConfigurationList section */
	};
	rootObject = D188B07E1AE884A400B28E4B /* Project object */;
}
