// !$*UTF8*$!
{
	archiveVersion = 1;
	classes = {
	};
	objectVersion = 46;
	objects = {

/* Begin PBXBuildFile section */
		D1A663D41B92A3A4003EEF6A /* AppDelegate.swift in Sources */ = {isa = PBXBuildFile; fileRef = D1A663D31B92A3A4003EEF6A /* AppDelegate.swift */; };
		D1A663D61B92A3A4003EEF6A /* ViewController.swift in Sources */ = {isa = PBXBuildFile; fileRef = D1A663D51B92A3A4003EEF6A /* ViewController.swift */; };
		D1A663D91B92A3A4003EEF6A /* Main.storyboard in Resources */ = {isa = PBXBuildFile; fileRef = D1A663D71B92A3A4003EEF6A /* Main.storyboard */; };
		D1A663DB1B92A3A4003EEF6A /* Images.xcassets in Resources */ = {isa = PBXBuildFile; fileRef = D1A663DA1B92A3A4003EEF6A /* Images.xcassets */; };
		D1A663DE1B92A3A4003EEF6A /* LaunchScreen.xib in Resources */ = {isa = PBXBuildFile; fileRef = D1A663DC1B92A3A4003EEF6A /* LaunchScreen.xib */; };
		D1A663EA1B92A3A5003EEF6A /* CalculatorTests.swift in Sources */ = {isa = PBXBuildFile; fileRef = D1A663E91B92A3A5003EEF6A /* CalculatorTests.swift */; };
/* End PBXBuildFile section */

/* Begin PBXContainerItemProxy section */
		D1A663E41B92A3A4003EEF6A /* PBXContainerItemProxy */ = {
			isa = PBXContainerItemProxy;
			containerPortal = D1A663C61B92A3A4003EEF6A /* Project object */;
			proxyType = 1;
			remoteGlobalIDString = D1A663CD1B92A3A4003EEF6A;
			remoteInfo = Calculator;
		};
/* End PBXContainerItemProxy section */

/* Begin PBXFileReference section */
		D1A663CE1B92A3A4003EEF6A /* Calculator.app */ = {isa = PBXFileReference; explicitFileType = wrapper.application; includeInIndex = 0; path = Calculator.app; sourceTree = BUILT_PRODUCTS_DIR; };
		D1A663D21B92A3A4003EEF6A /* Info.plist */ = {isa = PBXFileReference; lastKnownFileType = text.plist.xml; path = Info.plist; sourceTree = "<group>"; };
		D1A663D31B92A3A4003EEF6A /* AppDelegate.swift */ = {isa = PBXFileReference; lastKnownFileType = sourcecode.swift; path = AppDelegate.swift; sourceTree = "<group>"; };
		D1A663D51B92A3A4003EEF6A /* ViewController.swift */ = {isa = PBXFileReference; lastKnownFileType = sourcecode.swift; path = ViewController.swift; sourceTree = "<group>"; };
		D1A663D81B92A3A4003EEF6A /* Base */ = {isa = PBXFileReference; lastKnownFileType = file.storyboard; name = Base; path = Base.lproj/Main.storyboard; sourceTree = "<group>"; };
		D1A663DA1B92A3A4003EEF6A /* Images.xcassets */ = {isa = PBXFileReference; lastKnownFileType = folder.assetcatalog; path = Images.xcassets; sourceTree = "<group>"; };
		D1A663DD1B92A3A4003EEF6A /* Base */ = {isa = PBXFileReference; lastKnownFileType = file.xib; name = Base; path = Base.lproj/LaunchScreen.xib; sourceTree = "<group>"; };
		D1A663E31B92A3A4003EEF6A /* CalculatorTests.xctest */ = {isa = PBXFileReference; explicitFileType = wrapper.cfbundle; includeInIndex = 0; path = CalculatorTests.xctest; sourceTree = BUILT_PRODUCTS_DIR; };
		D1A663E81B92A3A4003EEF6A /* Info.plist */ = {isa = PBXFileReference; lastKnownFileType = text.plist.xml; path = Info.plist; sourceTree = "<group>"; };
		D1A663E91B92A3A5003EEF6A /* CalculatorTests.swift */ = {isa = PBXFileReference; lastKnownFileType = sourcecode.swift; path = CalculatorTests.swift; sourceTree = "<group>"; };
/* End PBXFileReference section */

/* Begin PBXFrameworksBuildPhase section */
		D1A663CB1B92A3A4003EEF6A /* Frameworks */ = {
			isa = PBXFrameworksBuildPhase;
			buildActionMask = 2147483647;
			files = (
			);
			runOnlyForDeploymentPostprocessing = 0;
		};
		D1A663E01B92A3A4003EEF6A /* Frameworks */ = {
			isa = PBXFrameworksBuildPhase;
			buildActionMask = 2147483647;
			files = (
			);
			runOnlyForDeploymentPostprocessing = 0;
		};
/* End PBXFrameworksBuildPhase section */

/* Begin PBXGroup section */
		D1A663C51B92A3A4003EEF6A = {
			isa = PBXGroup;
			children = (
				D1A663D01B92A3A4003EEF6A /* Calculator */,
				D1A663E61B92A3A4003EEF6A /* CalculatorTests */,
				D1A663CF1B92A3A4003EEF6A /* Products */,
			);
			sourceTree = "<group>";
		};
		D1A663CF1B92A3A4003EEF6A /* Products */ = {
			isa = PBXGroup;
			children = (
				D1A663CE1B92A3A4003EEF6A /* Calculator.app */,
				D1A663E31B92A3A4003EEF6A /* CalculatorTests.xctest */,
			);
			name = Products;
			sourceTree = "<group>";
		};
		D1A663D01B92A3A4003EEF6A /* Calculator */ = {
			isa = PBXGroup;
			children = (
				D1A663D51B92A3A4003EEF6A /* ViewController.swift */,
				D1A663D71B92A3A4003EEF6A /* Main.storyboard */,
				D1A663D11B92A3A4003EEF6A /* Supporting Files */,
			);
			path = Calculator;
			sourceTree = "<group>";
		};
		D1A663D11B92A3A4003EEF6A /* Supporting Files */ = {
			isa = PBXGroup;
			children = (
				D1A663DC1B92A3A4003EEF6A /* LaunchScreen.xib */,
				D1A663DA1B92A3A4003EEF6A /* Images.xcassets */,
				D1A663D31B92A3A4003EEF6A /* AppDelegate.swift */,
				D1A663D21B92A3A4003EEF6A /* Info.plist */,
			);
			name = "Supporting Files";
			sourceTree = "<group>";
		};
		D1A663E61B92A3A4003EEF6A /* CalculatorTests */ = {
			isa = PBXGroup;
			children = (
				D1A663E91B92A3A5003EEF6A /* CalculatorTests.swift */,
				D1A663E71B92A3A4003EEF6A /* Supporting Files */,
			);
			path = CalculatorTests;
			sourceTree = "<group>";
		};
		D1A663E71B92A3A4003EEF6A /* Supporting Files */ = {
			isa = PBXGroup;
			children = (
				D1A663E81B92A3A4003EEF6A /* Info.plist */,
			);
			name = "Supporting Files";
			sourceTree = "<group>";
		};
/* End PBXGroup section */

/* Begin PBXNativeTarget section */
		D1A663CD1B92A3A4003EEF6A /* Calculator */ = {
			isa = PBXNativeTarget;
			buildConfigurationList = D1A663ED1B92A3A5003EEF6A /* Build configuration list for PBXNativeTarget "Calculator" */;
			buildPhases = (
				D1A663CA1B92A3A4003EEF6A /* Sources */,
				D1A663CB1B92A3A4003EEF6A /* Frameworks */,
				D1A663CC1B92A3A4003EEF6A /* Resources */,
			);
			buildRules = (
			);
			dependencies = (
			);
			name = Calculator;
			productName = Calculator;
			productReference = D1A663CE1B92A3A4003EEF6A /* Calculator.app */;
			productType = "com.apple.product-type.application";
		};
		D1A663E21B92A3A4003EEF6A /* CalculatorTests */ = {
			isa = PBXNativeTarget;
			buildConfigurationList = D1A663F01B92A3A5003EEF6A /* Build configuration list for PBXNativeTarget "CalculatorTests" */;
			buildPhases = (
				D1A663DF1B92A3A4003EEF6A /* Sources */,
				D1A663E01B92A3A4003EEF6A /* Frameworks */,
				D1A663E11B92A3A4003EEF6A /* Resources */,
			);
			buildRules = (
			);
			dependencies = (
				D1A663E51B92A3A4003EEF6A /* PBXTargetDependency */,
			);
			name = CalculatorTests;
			productName = CalculatorTests;
			productReference = D1A663E31B92A3A4003EEF6A /* CalculatorTests.xctest */;
			productType = "com.apple.product-type.bundle.unit-test";
		};
/* End PBXNativeTarget section */

/* Begin PBXProject section */
		D1A663C61B92A3A4003EEF6A /* Project object */ = {
			isa = PBXProject;
			attributes = {
				LastSwiftUpdateCheck = 0700;
				LastUpgradeCheck = 0640;
				ORGANIZATIONNAME = daichao;
				TargetAttributes = {
					D1A663CD1B92A3A4003EEF6A = {
						CreatedOnToolsVersion = 6.4;
					};
					D1A663E21B92A3A4003EEF6A = {
						CreatedOnToolsVersion = 6.4;
						TestTargetID = D1A663CD1B92A3A4003EEF6A;
					};
				};
			};
			buildConfigurationList = D1A663C91B92A3A4003EEF6A /* Build configuration list for PBXProject "Calculator" */;
			compatibilityVersion = "Xcode 3.2";
			developmentRegion = English;
			hasScannedForEncodings = 0;
			knownRegions = (
				en,
				Base,
			);
			mainGroup = D1A663C51B92A3A4003EEF6A;
			productRefGroup = D1A663CF1B92A3A4003EEF6A /* Products */;
			projectDirPath = "";
			projectRoot = "";
			targets = (
				D1A663CD1B92A3A4003EEF6A /* Calculator */,
				D1A663E21B92A3A4003EEF6A /* CalculatorTests */,
			);
		};
/* End PBXProject section */

/* Begin PBXResourcesBuildPhase section */
		D1A663CC1B92A3A4003EEF6A /* Resources */ = {
			isa = PBXResourcesBuildPhase;
			buildActionMask = 2147483647;
			files = (
				D1A663D91B92A3A4003EEF6A /* Main.storyboard in Resources */,
				D1A663DE1B92A3A4003EEF6A /* LaunchScreen.xib in Resources */,
				D1A663DB1B92A3A4003EEF6A /* Images.xcassets in Resources */,
			);
			runOnlyForDeploymentPostprocessing = 0;
		};
		D1A663E11B92A3A4003EEF6A /* Resources */ = {
			isa = PBXResourcesBuildPhase;
			buildActionMask = 2147483647;
			files = (
			);
			runOnlyForDeploymentPostprocessing = 0;
		};
/* End PBXResourcesBuildPhase section */

/* Begin PBXSourcesBuildPhase section */
		D1A663CA1B92A3A4003EEF6A /* Sources */ = {
			isa = PBXSourcesBuildPhase;
			buildActionMask = 2147483647;
			files = (
				D1A663D61B92A3A4003EEF6A /* ViewController.swift in Sources */,
				D1A663D41B92A3A4003EEF6A /* AppDelegate.swift in Sources */,
			);
			runOnlyForDeploymentPostprocessing = 0;
		};
		D1A663DF1B92A3A4003EEF6A /* Sources */ = {
			isa = PBXSourcesBuildPhase;
			buildActionMask = 2147483647;
			files = (
				D1A663EA1B92A3A5003EEF6A /* CalculatorTests.swift in Sources */,
			);
			runOnlyForDeploymentPostprocessing = 0;
		};
/* End PBXSourcesBuildPhase section */

/* Begin PBXTargetDependency section */
		D1A663E51B92A3A4003EEF6A /* PBXTargetDependency */ = {
			isa = PBXTargetDependency;
			target = D1A663CD1B92A3A4003EEF6A /* Calculator */;
			targetProxy = D1A663E41B92A3A4003EEF6A /* PBXContainerItemProxy */;
		};
/* End PBXTargetDependency section */

/* Begin PBXVariantGroup section */
		D1A663D71B92A3A4003EEF6A /* Main.storyboard */ = {
			isa = PBXVariantGroup;
			children = (
				D1A663D81B92A3A4003EEF6A /* Base */,
			);
			name = Main.storyboard;
			sourceTree = "<group>";
		};
		D1A663DC1B92A3A4003EEF6A /* LaunchScreen.xib */ = {
			isa = PBXVariantGroup;
			children = (
				D1A663DD1B92A3A4003EEF6A /* Base */,
			);
			name = LaunchScreen.xib;
			sourceTree = "<group>";
		};
/* End PBXVariantGroup section */

/* Begin XCBuildConfiguration section */
		D1A663EB1B92A3A5003EEF6A /* Debug */ = {
			isa = XCBuildConfiguration;
			buildSettings = {
				ALWAYS_SEARCH_USER_PATHS = NO;
				CLANG_CXX_LANGUAGE_STANDARD = "gnu++0x";
				CLANG_CXX_LIBRARY = "libc++";
				CLANG_ENABLE_MODULES = YES;
				CLANG_ENABLE_OBJC_ARC = YES;
				CLANG_WARN_BOOL_CONVERSION = YES;
				CLANG_WARN_CONSTANT_CONVERSION = YES;
				CLANG_WARN_DIRECT_OBJC_ISA_USAGE = YES_ERROR;
				CLANG_WARN_EMPTY_BODY = YES;
				CLANG_WARN_ENUM_CONVERSION = YES;
				CLANG_WARN_INT_CONVERSION = YES;
				CLANG_WARN_OBJC_ROOT_CLASS = YES_ERROR;
				CLANG_WARN_UNREACHABLE_CODE = YES;
				CLANG_WARN__DUPLICATE_METHOD_MATCH = YES;
				"CODE_SIGN_IDENTITY[sdk=iphoneos*]" = "iPhone Developer";
				COPY_PHASE_STRIP = NO;
				DEBUG_INFORMATION_FORMAT = "dwarf-with-dsym";
				ENABLE_STRICT_OBJC_MSGSEND = YES;
				GCC_C_LANGUAGE_STANDARD = gnu99;
				GCC_DYNAMIC_NO_PIC = NO;
				GCC_NO_COMMON_BLOCKS = YES;
				GCC_OPTIMIZATION_LEVEL = 0;
				GCC_PREPROCESSOR_DEFINITIONS = (
					"DEBUG=1",
					"$(inherited)",
				);
				GCC_SYMBOLS_PRIVATE_EXTERN = NO;
				GCC_WARN_64_TO_32_BIT_CONVERSION = YES;
				GCC_WARN_ABOUT_RETURN_TYPE = YES_ERROR;
				GCC_WARN_UNDECLARED_SELECTOR = YES;
				GCC_WARN_UNINITIALIZED_AUTOS = YES_AGGRESSIVE;
				GCC_WARN_UNUSED_FUNCTION = YES;
				GCC_WARN_UNUSED_VARIABLE = YES;
				IPHONEOS_DEPLOYMENT_TARGET = 8.4;
				MTL_ENABLE_DEBUG_INFO = YES;
				ONLY_ACTIVE_ARCH = YES;
				SDKROOT = iphoneos;
				SWIFT_OPTIMIZATION_LEVEL = "-Onone";
				TARGETED_DEVICE_FAMILY = "1,2";
			};
			name = Debug;
		};
		D1A663EC1B92A3A5003EEF6A /* Release */ = {
			isa = XCBuildConfiguration;
			buildSettings = {
				ALWAYS_SEARCH_USER_PATHS = NO;
				CLANG_CXX_LANGUAGE_STANDARD = "gnu++0x";
				CLANG_CXX_LIBRARY = "libc++";
				CLANG_ENABLE_MODULES = YES;
				CLANG_ENABLE_OBJC_ARC = YES;
				CLANG_WARN_BOOL_CONVERSION = YES;
				CLANG_WARN_CONSTANT_CONVERSION = YES;
				CLANG_WARN_DIRECT_OBJC_ISA_USAGE = YES_ERROR;
				CLANG_WARN_EMPTY_BODY = YES;
				CLANG_WARN_ENUM_CONVERSION = YES;
				CLANG_WARN_INT_CONVERSION = YES;
				CLANG_WARN_OBJC_ROOT_CLASS = YES_ERROR;
				CLANG_WARN_UNREACHABLE_CODE = YES;
				CLANG_WARN__DUPLICATE_METHOD_MATCH = YES;
				"CODE_SIGN_IDENTITY[sdk=iphoneos*]" = "iPhone Developer";
				COPY_PHASE_STRIP = NO;
				DEBUG_INFORMATION_FORMAT = "dwarf-with-dsym";
				ENABLE_NS_ASSERTIONS = NO;
				ENABLE_STRICT_OBJC_MSGSEND = YES;
				GCC_C_LANGUAGE_STANDARD = gnu99;
				GCC_NO_COMMON_BLOCKS = YES;
				GCC_WARN_64_TO_32_BIT_CONVERSION = YES;
				GCC_WARN_ABOUT_RETURN_TYPE = YES_ERROR;
				GCC_WARN_UNDECLARED_SELECTOR = YES;
				GCC_WARN_UNINITIALIZED_AUTOS = YES_AGGRESSIVE;
				GCC_WARN_UNUSED_FUNCTION = YES;
				GCC_WARN_UNUSED_VARIABLE = YES;
				IPHONEOS_DEPLOYMENT_TARGET = 8.4;
				MTL_ENABLE_DEBUG_INFO = NO;
				SDKROOT = iphoneos;
				TARGETED_DEVICE_FAMILY = "1,2";
				VALIDATE_PRODUCT = YES;
			};
			name = Release;
		};
		D1A663EE1B92A3A5003EEF6A /* Debug */ = {
			isa = XCBuildConfiguration;
			buildSettings = {
				ASSETCATALOG_COMPILER_APPICON_NAME = AppIcon;
				INFOPLIST_FILE = Calculator/Info.plist;
				LD_RUNPATH_SEARCH_PATHS = "$(inherited) @executable_path/Frameworks";
				PRODUCT_NAME = "$(TARGET_NAME)";
			};
			name = Debug;
		};
		D1A663EF1B92A3A5003EEF6A /* Release */ = {
			isa = XCBuildConfiguration;
			buildSettings = {
				ASSETCATALOG_COMPILER_APPICON_NAME = AppIcon;
				INFOPLIST_FILE = Calculator/Info.plist;
				LD_RUNPATH_SEARCH_PATHS = "$(inherited) @executable_path/Frameworks";
				PRODUCT_NAME = "$(TARGET_NAME)";
			};
			name = Release;
		};
		D1A663F11B92A3A5003EEF6A /* Debug */ = {
			isa = XCBuildConfiguration;
			buildSettings = {
				BUNDLE_LOADER = "$(TEST_HOST)";
				FRAMEWORK_SEARCH_PATHS = (
					"$(SDKROOT)/Developer/Library/Frameworks",
					"$(inherited)",
				);
				GCC_PREPROCESSOR_DEFINITIONS = (
					"DEBUG=1",
					"$(inherited)",
				);
				INFOPLIST_FILE = CalculatorTests/Info.plist;
				LD_RUNPATH_SEARCH_PATHS = "$(inherited) @executable_path/Frameworks @loader_path/Frameworks";
				PRODUCT_NAME = "$(TARGET_NAME)";
				TEST_HOST = "$(BUILT_PRODUCTS_DIR)/Calculator.app/Calculator";
			};
			name = Debug;
		};
		D1A663F21B92A3A5003EEF6A /* Release */ = {
			isa = XCBuildConfiguration;
			buildSettings = {
				BUNDLE_LOADER = "$(TEST_HOST)";
				FRAMEWORK_SEARCH_PATHS = (
					"$(SDKROOT)/Developer/Library/Frameworks",
					"$(inherited)",
				);
				INFOPLIST_FILE = CalculatorTests/Info.plist;
				LD_RUNPATH_SEARCH_PATHS = "$(inherited) @executable_path/Frameworks @loader_path/Frameworks";
				PRODUCT_NAME = "$(TARGET_NAME)";
				TEST_HOST = "$(BUILT_PRODUCTS_DIR)/Calculator.app/Calculator";
			};
			name = Release;
		};
/* End XCBuildConfiguration section */

/* Begin XCConfigurationList section */
		D1A663C91B92A3A4003EEF6A /* Build configuration list for PBXProject "Calculator" */ = {
			isa = XCConfigurationList;
			buildConfigurations = (
				D1A663EB1B92A3A5003EEF6A /* Debug */,
				D1A663EC1B92A3A5003EEF6A /* Release */,
			);
			defaultConfigurationIsVisible = 0;
			defaultConfigurationName = Release;
		};
		D1A663ED1B92A3A5003EEF6A /* Build configuration list for PBXNativeTarget "Calculator" */ = {
			isa = XCConfigurationList;
			buildConfigurations = (
				D1A663EE1B92A3A5003EEF6A /* Debug */,
				D1A663EF1B92A3A5003EEF6A /* Release */,
			);
			defaultConfigurationIsVisible = 0;
			defaultConfigurationName = Release;
		};
		D1A663F01B92A3A5003EEF6A /* Build configuration list for PBXNativeTarget "CalculatorTests" */ = {
			isa = XCConfigurationList;
			buildConfigurations = (
				D1A663F11B92A3A5003EEF6A /* Debug */,
				D1A663F21B92A3A5003EEF6A /* Release */,
			);
			defaultConfigurationIsVisible = 0;
			defaultConfigurationName = Release;
		};
/* End XCConfigurationList section */
	};
	rootObject = D1A663C61B92A3A4003EEF6A /* Project object */;
}
